
Microsoft Visual Studio Solution File, Format Version 12.00
# Visual Studio Version 17
VisualStudioVersion = 17.10.35004.147
MinimumVisualStudioVersion = 10.0.40219.1
Project("{FAE04EC0-301F-11D3-BF4B-00C04F79EFBC}") = "T3", "T3\T3.csproj", "{E2512C1D-C51D-45C5-9F78-8CB9AF33D534}"
EndProject
Global
	GlobalSection(SolutionConfigurationPlatforms) = preSolution
		Debug|Any CPU = Debug|Any CPU
		Release|Any CPU = Release|Any CPU
	EndGlobalSection
	GlobalSection(ProjectConfigurationPlatforms) = postSolution
		{E2512C1D-C51D-45C5-9F78-8CB9AF33D534}.Debug|Any CPU.ActiveCfg = Debug|Any CPU
		{E2512C1D-C51D-45C5-9F78-8CB9AF33D534}.Debug|Any CPU.Build.0 = Debug|Any CPU
		{E2512C1D-C51D-45C5-9F78-8CB9AF33D534}.Release|Any CPU.ActiveCfg = Release|Any CPU
		{E2512C1D-C51D-45C5-9F78-8CB9AF33D534}.Release|Any CPU.Build.0 = Release|Any CPU
	EndGlobalSection
	GlobalSection(SolutionProperties) = preSolution
		HideSolutionNode = FALSE
	EndGlobalSection
	GlobalSection(ExtensibilityGlobals) = postSolution
		SolutionGuid = {2E140685-A5DD-4917-9105-F4F648284A53}
	EndGlobalSection
EndGlobal
